{
    "_readme": [
        "This file locks the dependencies of your project to a known state",
        "Read more about it at https://getcomposer.org/doc/01-basic-usage.md#installing-dependencies",
        "This file is @generated automatically"
    ],
    "content-hash": "5ff022b7ee805d6f762565d65392b22e",
    "packages": [
        {
            "name": "karamel/db",
            "version": "v0.1.5",
            "source": {
                "type": "git",
                "url": "https://github.com/karamel-pack/db.git",
                "reference": "de6e0234e69638ff0fb8d9319d67545cf76eb15a"
            },
            "dist": {
                "type": "zip",
                "url": "https://api.github.com/repos/karamel-pack/db/zipball/de6e0234e69638ff0fb8d9319d67545cf76eb15a",
                "reference": "de6e0234e69638ff0fb8d9319d67545cf76eb15a",
                "shasum": ""
            },
            "type": "library",
            "autoload": {
                "psr-4": {
                    "Karamel\\DB\\": "src/"
                }
            },
            "notification-url": "https://packagist.org/downloads/",
            "license": [
                "MIT"
            ],
            "authors": [
                {
                    "name": "Amir Kalantar",
                    "email": "amir.kalantar@gmail.com"
                }
            ],
            "description": "database package for karamel",
            "time": "2018-09-16T14:22:11+00:00"
        }
    ],
    "packages-dev": [],
    "aliases": [],
    "minimum-stability": "dev",
    "stability-flags": [],
    "prefer-stable": false,
    "prefer-lowest": false,
    "platform": [],
    "platform-dev": []
}
